<?xml version="1.0" encoding="utf-8"?>
<Project ToolsVersion="4.0" xmlns="http://schemas.microsoft.com/developer/msbuild/2003">
  <ItemGroup>
    <FxCompile Include="shaders\shader_pixel_2d.hlsl">
      <Filter>シェーダーファイル</Filter>
    </FxCompile>
    <FxCompile Include="shaders\shader_pixel_3d.hlsl">
      <Filter>シェーダーファイル</Filter>
    </FxCompile>
    <FxCompile Include="shaders\shader_vertex_2d.hlsl">
      <Filter>シェーダーファイル</Filter>
    </FxCompile>
    <FxCompile Include="shaders\shader_vertex_3d.hlsl">
      <Filter>シェーダーファイル</Filter>
    </FxCompile>
    <FxCompile Include="shaders\shader_pixel_field.hlsl">
      <Filter>シェーダーファイル</Filter>
    </FxCompile>
    <FxCompile Include="shaders\shader_vertex_field.hlsl">
      <Filter>シェーダーファイル</Filter>
    </FxCompile>
    <FxCompile Include="shader_vertex_billboard.hlsl">
      <Filter>シェーダーファイル</Filter>
    </FxCompile>
    <FxCompile Include="shader_pixel_billboard.hlsl">
      <Filter>シェーダーファイル</Filter>
    </FxCompile>
    <FxCompile Include="shader_vertex_3d_unlit.hlsl">
      <Filter>シェーダーファイル</Filter>
    </FxCompile>
    <FxCompile Include="shader_pixel_3d_unlit.hlsl">
      <Filter>シェーダーファイル</Filter>
    </FxCompile>
    <FxCompile Include="shaders\shader_postprocess_directional_ps.hlsl">
      <Filter>シェーダーファイル</Filter>
    </FxCompile>
    <FxCompile Include="shaders\shader_postprocess_passthrough_ps.hlsl">
      <Filter>シェーダーファイル</Filter>
    </FxCompile>
    <FxCompile Include="shaders\shader_postprocess_radial_ps.hlsl">
      <Filter>シェーダーファイル</Filter>
    </FxCompile>
    <FxCompile Include="shaders\shader_postprocess_vs.hlsl">
      <Filter>シェーダーファイル</Filter>
    </FxCompile>
  </ItemGroup>
  <ItemGroup>
    <ClCompile Include="audio\Audio.cpp">
      <Filter>ソースファイル</Filter>
    </ClCompile>
    <ClCompile Include="direct3d\camera.cpp">
      <Filter>ソースファイル</Filter>
    </ClCompile>
    <ClCompile Include="game\collision.cpp">
      <Filter>ソースファイル</Filter>
    </ClCompile>
    <ClCompile Include="direct3d\cube.cpp">
      <Filter>ソースファイル</Filter>
    </ClCompile>
    <ClCompile Include="utils\debug_ostream.cpp">
      <Filter>ソースファイル</Filter>
    </ClCompile>
    <ClCompile Include="utils\debug_text.cpp">
      <Filter>ソースファイル</Filter>
    </ClCompile>
    <ClCompile Include="direct3d\direct3d.cpp">
      <Filter>ソースファイル</Filter>
    </ClCompile>
    <ClCompile Include="game\effect.cpp">
      <Filter>ソースファイル</Filter>
    </ClCompile>
    <ClCompile Include="game\fade.cpp">
      <Filter>ソースファイル</Filter>
    </ClCompile>
    <ClCompile Include="game\scene\game.cpp">
      <Filter>ソースファイル</Filter>
    </ClCompile>
    <ClCompile Include="game_window\game_window.cpp">
      <Filter>ソースファイル</Filter>
    </ClCompile>
    <ClCompile Include="direct3d\grid.cpp">
      <Filter>ソースファイル</Filter>
    </ClCompile>
    <ClCompile Include="input\key_logger.cpp">
      <Filter>ソースファイル</Filter>
    </ClCompile>
    <ClCompile Include="input\keyboard.cpp">
      <Filter>ソースファイル</Filter>
    </ClCompile>
    <ClCompile Include="main.cpp">
      <Filter>ソースファイル</Filter>
    </ClCompile>
    <ClCompile Include="input\mouse.cpp">
      <Filter>ソースファイル</Filter>
    </ClCompile>
    <ClCompile Include="direct3d\polygon.cpp">
      <Filter>ソースファイル</Filter>
    </ClCompile>
    <ClCompile Include="direct3d\sampler.cpp">
      <Filter>ソースファイル</Filter>
    </ClCompile>
    <ClCompile Include="game\scene\scene.cpp">
      <Filter>ソースファイル</Filter>
    </ClCompile>
    <ClCompile Include="game\score.cpp">
      <Filter>ソースファイル</Filter>
    </ClCompile>
    <ClCompile Include="direct3d\shader.cpp">
      <Filter>ソースファイル</Filter>
    </ClCompile>
    <ClCompile Include="direct3d\shader3d.cpp">
      <Filter>ソースファイル</Filter>
    </ClCompile>
    <ClCompile Include="direct3d\sprite.cpp">
      <Filter>ソースファイル</Filter>
    </ClCompile>
    <ClCompile Include="direct3d\sprtie_anim.cpp">
      <Filter>ソースファイル</Filter>
    </ClCompile>
    <ClCompile Include="utils\system_timer.cpp">
      <Filter>ソースファイル</Filter>
    </ClCompile>
    <ClCompile Include="direct3d\texture.cpp">
      <Filter>ソースファイル</Filter>
    </ClCompile>
    <ClCompile Include="game\title.cpp">
      <Filter>ソースファイル</Filter>
    </ClCompile>
    <ClCompile Include="meshfield.cpp">
      <Filter>ソースファイル</Filter>
    </ClCompile>
    <ClCompile Include="shader_field.cpp">
      <Filter>ソースファイル</Filter>
    </ClCompile>
    <ClCompile Include="light.cpp">
      <Filter>ソースファイル</Filter>
    </ClCompile>
    <ClCompile Include="model.cpp">
      <Filter>ソースファイル</Filter>
    </ClCompile>
    <ClCompile Include="player.cpp">
      <Filter>ソースファイル</Filter>
    </ClCompile>
    <ClCompile Include="player_camera.cpp">
      <Filter>ソースファイル</Filter>
    </ClCompile>
    <ClCompile Include="map.cpp">
      <Filter>ソースファイル</Filter>
    </ClCompile>
    <ClCompile Include="bullet.cpp">
      <Filter>ソースファイル</Filter>
    </ClCompile>
    <ClCompile Include="billboard.cpp">
      <Filter>ソースファイル</Filter>
    </ClCompile>
    <ClCompile Include="shader_billboard.cpp">
      <Filter>ソースファイル</Filter>
    </ClCompile>
    <ClCompile Include="bullet_hit_effect.cpp">
      <Filter>ソースファイル</Filter>
    </ClCompile>
    <ClCompile Include="trail.cpp">
      <Filter>ソースファイル</Filter>
    </ClCompile>
    <ClCompile Include="skybox.cpp">
      <Filter>ソースファイル</Filter>
    </ClCompile>
    <ClCompile Include="shader3d_unlit.cpp">
      <Filter>ソースファイル</Filter>
    </ClCompile>
    <ClCompile Include="enemy.cpp">
      <Filter>ソースファイル</Filter>
    </ClCompile>
    <ClCompile Include="pad_logger.cpp">
      <Filter>ソースファイル</Filter>
    </ClCompile>
    <ClCompile Include="ray.cpp">
      <Filter>ソースファイル</Filter>
    </ClCompile>
    <ClCompile Include="light_camera.cpp">
      <Filter>ソースファイル</Filter>
    </ClCompile>
    <ClCompile Include="render_target.cpp">
      <Filter>ソースファイル</Filter>
    </ClCompile>
    <ClCompile Include="shader_shadow_map.cpp">
      <Filter>ソースファイル</Filter>
    </ClCompile>
    <ClCompile Include="physics_model.cpp">
      <Filter>ソースファイル</Filter>
    </ClCompile>
    <ClCompile Include="slicer.cpp">
      <Filter>ソースファイル</Filter>
    </ClCompile>
    <ClCompile Include="prop_manager.cpp">
      <Filter>ソースファイル</Filter>
    </ClCompile>
    <ClCompile Include="rigid_body.cpp">
      <Filter>ソースファイル</Filter>
    </ClCompile>
    <ClCompile Include="utils\WICTextureLoader11.cpp">
      <Filter>ヘッダーファイル</Filter>
    </ClCompile>
    <ClCompile Include="collider.cpp">
      <Filter>ソースファイル</Filter>
    </ClCompile>
    <ClCompile Include="debug_renderer.cpp">
      <Filter>ソースファイル</Filter>
    </ClCompile>
    <ClCompile Include="collider_generator.cpp">
      <Filter>ソースファイル</Filter>
    </ClCompile>
    <ClCompile Include="slice_task_manager.cpp">
      <Filter>ソースファイル</Filter>
    </ClCompile>
    <ClCompile Include="blade.cpp">
      <Filter>ソースファイル</Filter>
    </ClCompile>
    <ClCompile Include="input_manager.cpp">
      <Filter>ソースファイル</Filter>
    </ClCompile>
    <ClCompile Include="post_process.cpp">
      <Filter>ソースファイル</Filter>
    </ClCompile>
    <ClCompile Include="enemy_ground.cpp">
      <Filter>ソースファイル</Filter>
    </ClCompile>
    <ClCompile Include="enemy_bullet.cpp">
      <Filter>ソースファイル</Filter>
    </ClCompile>
    <ClCompile Include="ui.cpp">
      <Filter>ソースファイル</Filter>
    </ClCompile>
    <ClCompile Include="hp_gauge.cpp">
      <Filter>ソースファイル</Filter>
    </ClCompile>
    <ClCompile Include="game_timer.cpp">
      <Filter>ソースファイル</Filter>
    </ClCompile>
    <ClCompile Include="result.cpp">
      <Filter>ソースファイル</Filter>
    </ClCompile>
    <ClCompile Include="combo.cpp">
      <Filter>ソースファイル</Filter>
    </ClCompile>
    <ClCompile Include="enemy_flying.cpp">
      <Filter>ソースファイル</Filter>
    </ClCompile>
    <ClCompile Include="stage.cpp">
      <Filter>ソースファイル</Filter>
    </ClCompile>
    <ClCompile Include="sound_manager.cpp">
      <Filter>ソースファイル</Filter>
    </ClCompile>
    <ClCompile Include="settings.cpp">
      <Filter>ソースファイル</Filter>
    </ClCompile>
    <ClCompile Include="game_settings.cpp">
      <Filter>ソースファイル</Filter>
    </ClCompile>
  </ItemGroup>
  <ItemGroup>
    <ClInclude Include="audio\Audio.h">
      <Filter>ヘッダーファイル</Filter>
    </ClInclude>
    <ClInclude Include="game\collision.h">
      <Filter>ヘッダーファイル</Filter>
    </ClInclude>
    <ClInclude Include="utils\color.h">
      <Filter>ヘッダーファイル</Filter>
    </ClInclude>
    <ClInclude Include="direct3d\cube.h">
      <Filter>ヘッダーファイル</Filter>
    </ClInclude>
    <ClInclude Include="utils\debug_ostream.h">
      <Filter>ヘッダーファイル</Filter>
    </ClInclude>
    <ClInclude Include="utils\debug_text.h">
      <Filter>ヘッダーファイル</Filter>
    </ClInclude>
    <ClInclude Include="direct3d\direct3d.h">
      <Filter>ヘッダーファイル</Filter>
    </ClInclude>
    <ClInclude Include="utils\DirectXTex.h">
      <Filter>ヘッダーファイル</Filter>
    </ClInclude>
    <ClInclude Include="game\fade.h">
      <Filter>ヘッダーファイル</Filter>
    </ClInclude>
    <ClInclude Include="game\scene\game.h">
      <Filter>ヘッダーファイル</Filter>
    </ClInclude>
    <ClInclude Include="game_window\game_window.h">
      <Filter>ヘッダーファイル</Filter>
    </ClInclude>
    <ClInclude Include="direct3d\grid.h">
      <Filter>ヘッダーファイル</Filter>
    </ClInclude>
    <ClInclude Include="utils\helper.h">
      <Filter>ヘッダーファイル</Filter>
    </ClInclude>
    <ClInclude Include="input\key_logger.h">
      <Filter>ヘッダーファイル</Filter>
    </ClInclude>
    <ClInclude Include="input\keyboard.h">
      <Filter>ヘッダーファイル</Filter>
    </ClInclude>
    <ClInclude Include="input\mouse.h">
      <Filter>ヘッダーファイル</Filter>
    </ClInclude>
    <ClInclude Include="direct3d\polygon.h">
      <Filter>ヘッダーファイル</Filter>
    </ClInclude>
    <ClInclude Include="direct3d\sampler.h">
      <Filter>ヘッダーファイル</Filter>
    </ClInclude>
    <ClInclude Include="game\scene\scene.h">
      <Filter>ヘッダーファイル</Filter>
    </ClInclude>
    <ClInclude Include="game\score.h">
      <Filter>ヘッダーファイル</Filter>
    </ClInclude>
    <ClInclude Include="direct3d\shader3d.h">
      <Filter>ヘッダーファイル</Filter>
    </ClInclude>
    <ClInclude Include="direct3d\sprite_anim.h">
      <Filter>ヘッダーファイル</Filter>
    </ClInclude>
    <ClInclude Include="direct3d\sprite.h">
      <Filter>ヘッダーファイル</Filter>
    </ClInclude>
    <ClInclude Include="utils\system_timer.h">
      <Filter>ヘッダーファイル</Filter>
    </ClInclude>
    <ClInclude Include="direct3d\texture.h">
      <Filter>ヘッダーファイル</Filter>
    </ClInclude>
    <ClInclude Include="game\title.h">
      <Filter>ヘッダーファイル</Filter>
    </ClInclude>
    <ClInclude Include="utils\WICTextureLoader11.h">
      <Filter>ヘッダーファイル</Filter>
    </ClInclude>
    <ClInclude Include="direct3d\camera.h">
      <Filter>ヘッダーファイル</Filter>
    </ClInclude>
    <ClInclude Include="game\effect.h">
      <Filter>ヘッダーファイル</Filter>
    </ClInclude>
    <ClInclude Include="direct3d\shader.h">
      <Filter>ヘッダーファイル</Filter>
    </ClInclude>
    <ClInclude Include="meshfield.h">
      <Filter>ヘッダーファイル</Filter>
    </ClInclude>
    <ClInclude Include="shader_field.h">
      <Filter>ヘッダーファイル</Filter>
    </ClInclude>
    <ClInclude Include="light.h">
      <Filter>ヘッダーファイル</Filter>
    </ClInclude>
    <ClInclude Include="model.h">
      <Filter>ヘッダーファイル</Filter>
    </ClInclude>
    <ClInclude Include="player.h">
      <Filter>ヘッダーファイル</Filter>
    </ClInclude>
    <ClInclude Include="player_camera.h">
      <Filter>ヘッダーファイル</Filter>
    </ClInclude>
    <ClInclude Include="map.h">
      <Filter>ヘッダーファイル</Filter>
    </ClInclude>
    <ClInclude Include="bullet.h">
      <Filter>ヘッダーファイル</Filter>
    </ClInclude>
    <ClInclude Include="billboard.h">
      <Filter>ヘッダーファイル</Filter>
    </ClInclude>
    <ClInclude Include="shader_billboard.h">
      <Filter>ヘッダーファイル</Filter>
    </ClInclude>
    <ClInclude Include="bullet_hit_effect.h">
      <Filter>ヘッダーファイル</Filter>
    </ClInclude>
    <ClInclude Include="trail.h">
      <Filter>ヘッダーファイル</Filter>
    </ClInclude>
    <ClInclude Include="skybox.h">
      <Filter>ヘッダーファイル</Filter>
    </ClInclude>
    <ClInclude Include="shader3d_unlit.h">
      <Filter>ヘッダーファイル</Filter>
    </ClInclude>
    <ClInclude Include="enemy.h">
      <Filter>ヘッダーファイル</Filter>
    </ClInclude>
    <ClInclude Include="pad_logger.h">
      <Filter>ヘッダーファイル</Filter>
    </ClInclude>
    <ClInclude Include="ray.h">
      <Filter>ヘッダーファイル</Filter>
    </ClInclude>
    <ClInclude Include="light_camera.h">
      <Filter>ヘッダーファイル</Filter>
    </ClInclude>
    <ClInclude Include="render_target.h">
      <Filter>ヘッダーファイル</Filter>
    </ClInclude>
    <ClInclude Include="shader_shadow_map.h">
      <Filter>ヘッダーファイル</Filter>
    </ClInclude>
    <ClInclude Include="physics_model.h">
      <Filter>ヘッダーファイル</Filter>
    </ClInclude>
    <ClInclude Include="slicer.h">
      <Filter>ヘッダーファイル</Filter>
    </ClInclude>
    <ClInclude Include="prop_manager.h">
      <Filter>ヘッダーファイル</Filter>
    </ClInclude>
    <ClInclude Include="rigid_body.h">
      <Filter>ヘッダーファイル</Filter>
    </ClInclude>
    <ClInclude Include="collider.h">
      <Filter>ヘッダーファイル</Filter>
    </ClInclude>
    <ClInclude Include="debug_renderer.h">
      <Filter>ヘッダーファイル</Filter>
    </ClInclude>
    <ClInclude Include="collider_generator.h">
      <Filter>ヘッダーファイル</Filter>
    </ClInclude>
    <ClInclude Include="slice_task_manager.h">
      <Filter>ヘッダーファイル</Filter>
    </ClInclude>
    <ClInclude Include="blade.h">
      <Filter>ヘッダーファイル</Filter>
    </ClInclude>
    <ClInclude Include="input_manager.h">
      <Filter>ヘッダーファイル</Filter>
    </ClInclude>
    <ClInclude Include="post_process.h">
      <Filter>ヘッダーファイル</Filter>
    </ClInclude>
    <ClInclude Include="enemy_ground.h">
      <Filter>ヘッダーファイル</Filter>
    </ClInclude>
    <ClInclude Include="enemy_bullet.h">
      <Filter>ヘッダーファイル</Filter>
    </ClInclude>
    <ClInclude Include="ui.h">
      <Filter>ヘッダーファイル</Filter>
    </ClInclude>
    <ClInclude Include="hp_gauge.h">
      <Filter>ヘッダーファイル</Filter>
    </ClInclude>
    <ClInclude Include="game_timer.h">
      <Filter>ヘッダーファイル</Filter>
    </ClInclude>
    <ClInclude Include="result.h">
      <Filter>ヘッダーファイル</Filter>
    </ClInclude>
    <ClInclude Include="combo.h">
      <Filter>ヘッダーファイル</Filter>
    </ClInclude>
    <ClInclude Include="enemy_flying.h">
      <Filter>ヘッダーファイル</Filter>
    </ClInclude>
    <ClInclude Include="stage.h">
      <Filter>ヘッダーファイル</Filter>
    </ClInclude>
    <ClInclude Include="sound_manager.h">
      <Filter>ヘッダーファイル</Filter>
    </ClInclude>
    <ClInclude Include="game_settings.h">
      <Filter>ヘッダーファイル</Filter>
    </ClInclude>
    <ClInclude Include="settings.h">
      <Filter>ヘッダーファイル</Filter>
    </ClInclude>
  </ItemGroup>
  <ItemGroup>
    <Filter Include="ソースファイル">
      <UniqueIdentifier>{c0fa7fc1-959d-4133-b6c9-1d39764410be}</UniqueIdentifier>
      <Extensions>cpp;c;cc;cxx;c++;cppm;ixx;def;odl;idl;hpj;bat;asm;asmx</Extensions>
    </Filter>
    <Filter Include="ヘッダーファイル">
      <UniqueIdentifier>{45601fbd-41a7-4e10-ada8-c4d546cf7fa1}</UniqueIdentifier>
      <Extensions>h;hh;hpp;hxx;h++;hm;inl;inc;ipp;xsd</Extensions>
    </Filter>
    <Filter Include="シェーダーファイル">
      <UniqueIdentifier>{1a7d9639-25c1-4b42-8509-0f6137ce36b5}</UniqueIdentifier>
      <Extensions>hlsl</Extensions>
    </Filter>
    <Filter Include="リソースファイル">
      <UniqueIdentifier>{8fd3a2d3-af60-4a54-99d0-253d9706984f}</UniqueIdentifier>
      <Extensions>rc;ico;cur;bmp;dlg;rc2;rct;bin;rgs;gif;jpg;jpeg;jpe;resx;tiff;tif;png;wav;mfcribbon-ms</Extensions>
    </Filter>
  </ItemGroup>
  <ItemGroup>
    <None Include="utils\DirectXTex.inl">
      <Filter>ソースファイル</Filter>
    </None>
    <None Include="assets\fbx\test.fbx">
      <Filter>リソースファイル</Filter>
    </None>
    <None Include="assets\fbx\EAF-05C2_v2.fbx">
      <Filter>リソースファイル</Filter>
    </None>
    <None Include="assets\fbx\Ruruko.fbx">
      <Filter>リソースファイル</Filter>
    </None>
    <None Include="shadow_map.hlsl">
      <Filter>シェーダーファイル</Filter>
    </None>
  </ItemGroup>
  <ItemGroup>
    <Image Include="assets\tile.jpg">
      <Filter>リソースファイル</Filter>
    </Image>
    <Image Include="assets\tile001.jpg">
      <Filter>リソースファイル</Filter>
    </Image>
    <Image Include="assets\white.png">
      <Filter>リソースファイル</Filter>
    </Image>
  </ItemGroup>
</Project>